
Microsoft Visual Studio Solution File, Format Version 12.00
# Visual Studio 2012
Project("{FAE04EC0-301F-11D3-BF4B-00C04F79EFBC}") = "GUI", "Demo\GUI.csproj", "{264E7DFB-208C-4C93-8DE9-96F3FDB0F97A}"
EndProject
Project("{FAE04EC0-301F-11D3-BF4B-00C04F79EFBC}") = "DataAcess", "DataAcess\DataAcess.csproj", "{C36EA78F-D07A-46E3-987B-024432DB1019}"
EndProject
Project("{FAE04EC0-301F-11D3-BF4B-00C04F79EFBC}") = "BussinessEntity", "BussinessEntity\BussinessEntity.csproj", "{46E4CA9D-BD2E-4C14-AE5F-639A6C28A73B}"
EndProject
Project("{FAE04EC0-301F-11D3-BF4B-00C04F79EFBC}") = "BusinessObject", "BusinessObject\BusinessObject.csproj", "{4C25D20F-B0F3-4ECF-8694-EB8CB5ED95C7}"
EndProject
Global
	GlobalSection(SolutionConfigurationPlatforms) = preSolution
		Debug|Any CPU = Debug|Any CPU
		Release|Any CPU = Release|Any CPU
	EndGlobalSection
	GlobalSection(ProjectConfigurationPlatforms) = postSolution
		{264E7DFB-208C-4C93-8DE9-96F3FDB0F97A}.Debug|Any CPU.ActiveCfg = Debug|Any CPU
		{264E7DFB-208C-4C93-8DE9-96F3FDB0F97A}.Debug|Any CPU.Build.0 = Debug|Any CPU
		{264E7DFB-208C-4C93-8DE9-96F3FDB0F97A}.Release|Any CPU.ActiveCfg = Release|Any CPU
		{264E7DFB-208C-4C93-8DE9-96F3FDB0F97A}.Release|Any CPU.Build.0 = Release|Any CPU
		{C36EA78F-D07A-46E3-987B-024432DB1019}.Debug|Any CPU.ActiveCfg = Debug|Any CPU
		{C36EA78F-D07A-46E3-987B-024432DB1019}.Debug|Any CPU.Build.0 = Debug|Any CPU
		{C36EA78F-D07A-46E3-987B-024432DB1019}.Release|Any CPU.ActiveCfg = Release|Any CPU
		{C36EA78F-D07A-46E3-987B-024432DB1019}.Release|Any CPU.Build.0 = Release|Any CPU
		{46E4CA9D-BD2E-4C14-AE5F-639A6C28A73B}.Debug|Any CPU.ActiveCfg = Debug|Any CPU
		{46E4CA9D-BD2E-4C14-AE5F-639A6C28A73B}.Debug|Any CPU.Build.0 = Debug|Any CPU
		{46E4CA9D-BD2E-4C14-AE5F-639A6C28A73B}.Release|Any CPU.ActiveCfg = Release|Any CPU
		{46E4CA9D-BD2E-4C14-AE5F-639A6C28A73B}.Release|Any CPU.Build.0 = Release|Any CPU
		{4C25D20F-B0F3-4ECF-8694-EB8CB5ED95C7}.Debug|Any CPU.ActiveCfg = Debug|Any CPU
		{4C25D20F-B0F3-4ECF-8694-EB8CB5ED95C7}.Debug|Any CPU.Build.0 = Debug|Any CPU
		{4C25D20F-B0F3-4ECF-8694-EB8CB5ED95C7}.Release|Any CPU.ActiveCfg = Release|Any CPU
		{4C25D20F-B0F3-4ECF-8694-EB8CB5ED95C7}.Release|Any CPU.Build.0 = Release|Any CPU
	EndGlobalSection
	GlobalSection(SolutionProperties) = preSolution
		HideSolutionNode = FALSE
	EndGlobalSection
EndGlobal
